dependencies:
  idf:
    source:
      type: idf
    version: 6.0.0
  nixy4/u8g2:
    component_hash: d23326bf33da6b0a41ef16caa527689d770bcb7c469d8d57ca18a42f4cfed81b
    dependencies:
    - name: idf
      require: private
      version: '>=5.0'
    source:
      registry_url: https://components.espressif.com/
      type: service
    version: 0.1.4
direct_dependencies:
- nixy4/u8g2
manifest_hash: 0d1b983a01550c1c9c8dcec36dd8a7940f0c7276d9f0d7d36f563c4a59e1ef15
target: esp32c3
version: 3.0.0
